// !$*UTF8*$!
{
	archiveVersion = 1;
	classes = {
	};
	objectVersion = 50;
	objects = {

/* Begin PBXBuildFile section */
		EE767B0824EE58CB000EC826 /* AppDelegate.swift in Sources */ = {isa = PBXBuildFile; fileRef = EE767B0724EE58CB000EC826 /* AppDelegate.swift */; };
		EE767B1124EE58CF000EC826 /* Assets.xcassets in Resources */ = {isa = PBXBuildFile; fileRef = EE767B1024EE58CF000EC826 /* Assets.xcassets */; };
		EE767B1424EE58CF000EC826 /* LaunchScreen.storyboard in Resources */ = {isa = PBXBuildFile; fileRef = EE767B1224EE58CF000EC826 /* LaunchScreen.storyboard */; };
		EE767B1C24EE5ADD000EC826 /* HomeController.swift in Sources */ = {isa = PBXBuildFile; fileRef = EE767B1B24EE5ADD000EC826 /* HomeController.swift */; };
		EE767B1E24EE5FEC000EC826 /* PuzzleGameView.swift in Sources */ = {isa = PBXBuildFile; fileRef = EE767B1D24EE5FEC000EC826 /* PuzzleGameView.swift */; };
		EE767B2024EE662E000EC826 /* image0.png in Resources */ = {isa = PBXBuildFile; fileRef = EE767B1F24EE662E000EC826 /* image0.png */; };
/* End PBXBuildFile section */

/* Begin PBXFileReference section */
		EE767B0424EE58CB000EC826 /* PuzzleGame.app */ = {isa = PBXFileReference; explicitFileType = wrapper.application; includeInIndex = 0; path = PuzzleGame.app; sourceTree = BUILT_PRODUCTS_DIR; };
		EE767B0724EE58CB000EC826 /* AppDelegate.swift */ = {isa = PBXFileReference; lastKnownFileType = sourcecode.swift; path = AppDelegate.swift; sourceTree = "<group>"; };
		EE767B1024EE58CF000EC826 /* Assets.xcassets */ = {isa = PBXFileReference; lastKnownFileType = folder.assetcatalog; path = Assets.xcassets; sourceTree = "<group>"; };
		EE767B1324EE58CF000EC826 /* Base */ = {isa = PBXFileReference; lastKnownFileType = file.storyboard; name = Base; path = Base.lproj/LaunchScreen.storyboard; sourceTree = "<group>"; };
		EE767B1524EE58CF000EC826 /* Info.plist */ = {isa = PBXFileReference; lastKnownFileType = text.plist.xml; path = Info.plist; sourceTree = "<group>"; };
		EE767B1B24EE5ADD000EC826 /* HomeController.swift */ = {isa = PBXFileReference; lastKnownFileType = sourcecode.swift; path = HomeController.swift; sourceTree = "<group>"; };
		EE767B1D24EE5FEC000EC826 /* PuzzleGameView.swift */ = {isa = PBXFileReference; lastKnownFileType = sourcecode.swift; path = PuzzleGameView.swift; sourceTree = "<group>"; };
		EE767B1F24EE662E000EC826 /* image0.png */ = {isa = PBXFileReference; lastKnownFileType = image.png; path = image0.png; sourceTree = "<group>"; };
/* End PBXFileReference section */

/* Begin PBXFrameworksBuildPhase section */
		EE767B0124EE58CB000EC826 /* Frameworks */ = {
			isa = PBXFrameworksBuildPhase;
			buildActionMask = 2147483647;
			files = (
			);
			runOnlyForDeploymentPostprocessing = 0;
		};
/* End PBXFrameworksBuildPhase section */

/* Begin PBXGroup section */
		EE767AFB24EE58CB000EC826 = {
			isa = PBXGroup;
			children = (
				EE767B0624EE58CB000EC826 /* PuzzleGame */,
				EE767B0524EE58CB000EC826 /* Products */,
			);
			sourceTree = "<group>";
		};
		EE767B0524EE58CB000EC826 /* Products */ = {
			isa = PBXGroup;
			children = (
				EE767B0424EE58CB000EC826 /* PuzzleGame.app */,
			);
			name = Products;
			sourceTree = "<group>";
		};
		EE767B0624EE58CB000EC826 /* PuzzleGame */ = {
			isa = PBXGroup;
			children = (
				EE767B0724EE58CB000EC826 /* AppDelegate.swift */,
				EE767B1B24EE5ADD000EC826 /* HomeController.swift */,
				EE767B1D24EE5FEC000EC826 /* PuzzleGameView.swift */,
				EE767B1F24EE662E000EC826 /* image0.png */,
				EE767B1024EE58CF000EC826 /* Assets.xcassets */,
				EE767B1224EE58CF000EC826 /* LaunchScreen.storyboard */,
				EE767B1524EE58CF000EC826 /* Info.plist */,
			);
			path = PuzzleGame;
			sourceTree = "<group>";
		};
/* End PBXGroup section */

/* Begin PBXNativeTarget section */
		EE767B0324EE58CB000EC826 /* PuzzleGame */ = {
			isa = PBXNativeTarget;
			buildConfigurationList = EE767B1824EE58CF000EC826 /* Build configuration list for PBXNativeTarget "PuzzleGame" */;
			buildPhases = (
				EE767B0024EE58CB000EC826 /* Sources */,
				EE767B0124EE58CB000EC826 /* Frameworks */,
				EE767B0224EE58CB000EC826 /* Resources */,
			);
			buildRules = (
			);
			dependencies = (
			);
			name = PuzzleGame;
			productName = PuzzleGame;
			productReference = EE767B0424EE58CB000EC826 /* PuzzleGame.app */;
			productType = "com.apple.product-type.application";
		};
/* End PBXNativeTarget section */

/* Begin PBXProject section */
		EE767AFC24EE58CB000EC826 /* Project object */ = {
			isa = PBXProject;
			attributes = {
				LastSwiftUpdateCheck = 1160;
				LastUpgradeCheck = 1160;
				ORGANIZATIONNAME = top;
				TargetAttributes = {
					EE767B0324EE58CB000EC826 = {
						CreatedOnToolsVersion = 11.6;
					};
				};
			};
			buildConfigurationList = EE767AFF24EE58CB000EC826 /* Build configuration list for PBXProject "PuzzleGame" */;
			compatibilityVersion = "Xcode 9.3";
			developmentRegion = en;
			hasScannedForEncodings = 0;
			knownRegions = (
				en,
				Base,
			);
			mainGroup = EE767AFB24EE58CB000EC826;
			productRefGroup = EE767B0524EE58CB000EC826 /* Products */;
			projectDirPath = "";
			projectRoot = "";
			targets = (
				EE767B0324EE58CB000EC826 /* PuzzleGame */,
			);
		};
/* End PBXProject section */

/* Begin PBXResourcesBuildPhase section */
		EE767B0224EE58CB000EC826 /* Resources */ = {
			isa = PBXResourcesBuildPhase;
			buildActionMask = 2147483647;
			files = (
				EE767B1424EE58CF000EC826 /* LaunchScreen.storyboard in Resources */,
				EE767B2024EE662E000EC826 /* image0.png in Resources */,
				EE767B1124EE58CF000EC826 /* Assets.xcassets in Resources */,
			);
			runOnlyForDeploymentPostprocessing = 0;
		};
/* End PBXResourcesBuildPhase section */

/* Begin PBXSourcesBuildPhase section */
		EE767B0024EE58CB000EC826 /* Sources */ = {
			isa = PBXSourcesBuildPhase;
			buildActionMask = 2147483647;
			files = (
				EE767B0824EE58CB000EC826 /* AppDelegate.swift in Sources */,
				EE767B1C24EE5ADD000EC826 /* HomeController.swift in Sources */,
				EE767B1E24EE5FEC000EC826 /* PuzzleGameView.swift in Sources */,
			);
			runOnlyForDeploymentPostprocessing = 0;
		};
/* End PBXSourcesBuildPhase section */

/* Begin PBXVariantGroup section */
		EE767B1224EE58CF000EC826 /* LaunchScreen.storyboard */ = {
			isa = PBXVariantGroup;
			children = (
				EE767B1324EE58CF000EC826 /* Base */,
			);
			name = LaunchScreen.storyboard;
			sourceTree = "<group>";
		};
/* End PBXVariantGroup section */

/* Begin XCBuildConfiguration section */
		EE767B1624EE58CF000EC826 /* Debug */ = {
			isa = XCBuildConfiguration;
			buildSettings = {
				ALWAYS_SEARCH_USER_PATHS = NO;
				CLANG_ANALYZER_NONNULL = YES;
				CLANG_ANALYZER_NUMBER_OBJECT_CONVERSION = YES_AGGRESSIVE;
				CLANG_CXX_LANGUAGE_STANDARD = "gnu++14";
				CLANG_CXX_LIBRARY = "libc++";
				CLANG_ENABLE_MODULES = YES;
				CLANG_ENABLE_OBJC_ARC = YES;
				CLANG_ENABLE_OBJC_WEAK = YES;
				CLANG_WARN_BLOCK_CAPTURE_AUTORELEASING = YES;
				CLANG_WARN_BOOL_CONVERSION = YES;
				CLANG_WARN_COMMA = YES;
				CLANG_WARN_CONSTANT_CONVERSION = YES;
				CLANG_WARN_DEPRECATED_OBJC_IMPLEMENTATIONS = YES;
				CLANG_WARN_DIRECT_OBJC_ISA_USAGE = YES_ERROR;
				CLANG_WARN_DOCUMENTATION_COMMENTS = YES;
				CLANG_WARN_EMPTY_BODY = YES;
				CLANG_WARN_ENUM_CONVERSION = YES;
				CLANG_WARN_INFINITE_RECURSION = YES;
				CLANG_WARN_INT_CONVERSION = YES;
				CLANG_WARN_NON_LITERAL_NULL_CONVERSION = YES;
				CLANG_WARN_OBJC_IMPLICIT_RETAIN_SELF = YES;
				CLANG_WARN_OBJC_LITERAL_CONVERSION = YES;
				CLANG_WARN_OBJC_ROOT_CLASS = YES_ERROR;
				CLANG_WARN_RANGE_LOOP_ANALYSIS = YES;
				CLANG_WARN_STRICT_PROTOTYPES = YES;
				CLANG_WARN_SUSPICIOUS_MOVE = YES;
				CLANG_WARN_UNGUARDED_AVAILABILITY = YES_AGGRESSIVE;
				CLANG_WARN_UNREACHABLE_CODE = YES;
				CLANG_WARN__DUPLICATE_METHOD_MATCH = YES;
				COPY_PHASE_STRIP = NO;
				DEBUG_INFORMATION_FORMAT = dwarf;
				ENABLE_STRICT_OBJC_MSGSEND = YES;
				ENABLE_TESTABILITY = YES;
				GCC_C_LANGUAGE_STANDARD = gnu11;
				GCC_DYNAMIC_NO_PIC = NO;
				GCC_NO_COMMON_BLOCKS = YES;
				GCC_OPTIMIZATION_LEVEL = 0;
				GCC_PREPROCESSOR_DEFINITIONS = (
					"DEBUG=1",
					"$(inherited)",
				);
				GCC_WARN_64_TO_32_BIT_CONVERSION = YES;
				GCC_WARN_ABOUT_RETURN_TYPE = YES_ERROR;
				GCC_WARN_UNDECLARED_SELECTOR = YES;
				GCC_WARN_UNINITIALIZED_AUTOS = YES_AGGRESSIVE;
				GCC_WARN_UNUSED_FUNCTION = YES;
				GCC_WARN_UNUSED_VARIABLE = YES;
				IPHONEOS_DEPLOYMENT_TARGET = 13.6;
				MTL_ENABLE_DEBUG_INFO = INCLUDE_SOURCE;
				MTL_FAST_MATH = YES;
				ONLY_ACTIVE_ARCH = YES;
				SDKROOT = iphoneos;
				SWIFT_ACTIVE_COMPILATION_CONDITIONS = DEBUG;
				SWIFT_OPTIMIZATION_LEVEL = "-Onone";
			};
			name = Debug;
		};
		EE767B1724EE58CF000EC826 /* Release */ = {
			isa = XCBuildConfiguration;
			buildSettings = {
				ALWAYS_SEARCH_USER_PATHS = NO;
				CLANG_ANALYZER_NONNULL = YES;
				CLANG_ANALYZER_NUMBER_OBJECT_CONVERSION = YES_AGGRESSIVE;
				CLANG_CXX_LANGUAGE_STANDARD = "gnu++14";
				CLANG_CXX_LIBRARY = "libc++";
				CLANG_ENABLE_MODULES = YES;
				CLANG_ENABLE_OBJC_ARC = YES;
				CLANG_ENABLE_OBJC_WEAK = YES;
				CLANG_WARN_BLOCK_CAPTURE_AUTORELEASING = YES;
				CLANG_WARN_BOOL_CONVERSION = YES;
				CLANG_WARN_COMMA = YES;
				CLANG_WARN_CONSTANT_CONVERSION = YES;
				CLANG_WARN_DEPRECATED_OBJC_IMPLEMENTATIONS = YES;
				CLANG_WARN_DIRECT_OBJC_ISA_USAGE = YES_ERROR;
				CLANG_WARN_DOCUMENTATION_COMMENTS = YES;
				CLANG_WARN_EMPTY_BODY = YES;
				CLANG_WARN_ENUM_CONVERSION = YES;
				CLANG_WARN_INFINITE_RECURSION = YES;
				CLANG_WARN_INT_CONVERSION = YES;
				CLANG_WARN_NON_LITERAL_NULL_CONVERSION = YES;
				CLANG_WARN_OBJC_IMPLICIT_RETAIN_SELF = YES;
				CLANG_WARN_OBJC_LITERAL_CONVERSION = YES;
				CLANG_WARN_OBJC_ROOT_CLASS = YES_ERROR;
				CLANG_WARN_RANGE_LOOP_ANALYSIS = YES;
				CLANG_WARN_STRICT_PROTOTYPES = YES;
				CLANG_WARN_SUSPICIOUS_MOVE = YES;
				CLANG_WARN_UNGUARDED_AVAILABILITY = YES_AGGRESSIVE;
				CLANG_WARN_UNREACHABLE_CODE = YES;
				CLANG_WARN__DUPLICATE_METHOD_MATCH = YES;
				COPY_PHASE_STRIP = NO;
				DEBUG_INFORMATION_FORMAT = "dwarf-with-dsym";
				ENABLE_NS_ASSERTIONS = NO;
				ENABLE_STRICT_OBJC_MSGSEND = YES;
				GCC_C_LANGUAGE_STANDARD = gnu11;
				GCC_NO_COMMON_BLOCKS = YES;
				GCC_WARN_64_TO_32_BIT_CONVERSION = YES;
				GCC_WARN_ABOUT_RETURN_TYPE = YES_ERROR;
				GCC_WARN_UNDECLARED_SELECTOR = YES;
				GCC_WARN_UNINITIALIZED_AUTOS = YES_AGGRESSIVE;
				GCC_WARN_UNUSED_FUNCTION = YES;
				GCC_WARN_UNUSED_VARIABLE = YES;
				IPHONEOS_DEPLOYMENT_TARGET = 13.6;
				MTL_ENABLE_DEBUG_INFO = NO;
				MTL_FAST_MATH = YES;
				SDKROOT = iphoneos;
				SWIFT_COMPILATION_MODE = wholemodule;
				SWIFT_OPTIMIZATION_LEVEL = "-O";
				VALIDATE_PRODUCT = YES;
			};
			name = Release;
		};
		EE767B1924EE58CF000EC826 /* Debug */ = {
			isa = XCBuildConfiguration;
			buildSettings = {
				ASSETCATALOG_COMPILER_APPICON_NAME = AppIcon;
				CODE_SIGN_STYLE = Automatic;
				DEVELOPMENT_TEAM = B4MSNQZYRY;
				INFOPLIST_FILE = PuzzleGame/Info.plist;
				LD_RUNPATH_SEARCH_PATHS = (
					"$(inherited)",
					"@executable_path/Frameworks",
				);
				PRODUCT_BUNDLE_IDENTIFIER = com.du.PuzzleGame;
				PRODUCT_NAME = "$(TARGET_NAME)";
				SWIFT_VERSION = 5.0;
				TARGETED_DEVICE_FAMILY = "1,2";
			};
			name = Debug;
		};
		EE767B1A24EE58CF000EC826 /* Release */ = {
			isa = XCBuildConfiguration;
			buildSettings = {
				ASSETCATALOG_COMPILER_APPICON_NAME = AppIcon;
				CODE_SIGN_STYLE = Automatic;
				DEVELOPMENT_TEAM = B4MSNQZYRY;
				INFOPLIST_FILE = PuzzleGame/Info.plist;
				LD_RUNPATH_SEARCH_PATHS = (
					"$(inherited)",
					"@executable_path/Frameworks",
				);
				PRODUCT_BUNDLE_IDENTIFIER = com.du.PuzzleGame;
				PRODUCT_NAME = "$(TARGET_NAME)";
				SWIFT_VERSION = 5.0;
				TARGETED_DEVICE_FAMILY = "1,2";
			};
			name = Release;
		};
/* End XCBuildConfiguration section */

/* Begin XCConfigurationList section */
		EE767AFF24EE58CB000EC826 /* Build configuration list for PBXProject "PuzzleGame" */ = {
			isa = XCConfigurationList;
			buildConfigurations = (
				EE767B1624EE58CF000EC826 /* Debug */,
				EE767B1724EE58CF000EC826 /* Release */,
			);
			defaultConfigurationIsVisible = 0;
			defaultConfigurationName = Release;
		};
		EE767B1824EE58CF000EC826 /* Build configuration list for PBXNativeTarget "PuzzleGame" */ = {
			isa = XCConfigurationList;
			buildConfigurations = (
				EE767B1924EE58CF000EC826 /* Debug */,
				EE767B1A24EE58CF000EC826 /* Release */,
			);
			defaultConfigurationIsVisible = 0;
			defaultConfigurationName = Release;
		};
/* End XCConfigurationList section */
	};
	rootObject = EE767AFC24EE58CB000EC826 /* Project object */;
}
